PODS:
  - FlutterMacOS (1.0.0)
  - lightspark_wallet (0.0.1):
    - FlutterMacOS

DEPENDENCIES:
  - FlutterMacOS (from `Flutter/ephemeral`)
  - lightspark_wallet (from `Flutter/ephemeral/.symlinks/plugins/lightspark_wallet/macos`)

EXTERNAL SOURCES:
  FlutterMacOS:
    :path: Flutter/ephemeral
  lightspark_wallet:
    :path: Flutter/ephemeral/.symlinks/plugins/lightspark_wallet/macos

SPEC CHECKSUMS:
  FlutterMacOS: 8f6f14fa908a6fb3fba0cd85dbd81ec4b251fb24
  lightspark_wallet: 975ee550033e2eb634881510001e5ccd0b62b929

PODFILE CHECKSUM: 236401fc2c932af29a9fcf0e97baeeb2d750d367

COCOAPODS: 1.11.2
